
Microsoft Visual Studio Solution File, Format Version 12.00
# Visual Studio Version 17
VisualStudioVersion = 17.6.33829.357
MinimumVisualStudioVersion = 10.0.40219.1
Project("{2150E333-8FDC-42A3-9474-1A3956D46DE8}") = "Libraries", "Libraries", "{7E0B5377-0F17-4A0D-83C2-CC2007556CBA}"
EndProject
Project("{FAE04EC0-301F-11D3-BF4B-00C04F79EFBC}") = "EmployeeManager.Common", "..\EmployeeManager.Common\EmployeeManager.Common.csproj", "{EF573A88-3032-4853-A0E9-8CB7812D9275}"
EndProject
Project("{FAE04EC0-301F-11D3-BF4B-00C04F79EFBC}") = "EmployeeManager.DataAccess", "..\EmployeeManager.DataAccess\EmployeeManager.DataAccess.csproj", "{66943A8F-E705-4508-AB1B-F450A6FCCD30}"
EndProject
Project("{2150E333-8FDC-42A3-9474-1A3956D46DE8}") = "WinForms", "WinForms", "{04A047D9-A51C-4015-AD27-8F9CEEE7F099}"
EndProject
Project("{9A19103F-16F7-4668-BE54-9A1E7A4F7556}") = "EmployeeManager.WinForms", "..\EmployeeManager.WinForms\EmployeeManager.WinForms.csproj", "{5C9B5214-1CEB-4198-972D-A37411B98A4B}"
EndProject
Project("{9A19103F-16F7-4668-BE54-9A1E7A4F7556}") = "EmployeeManager.ViewModel", "..\EmployeeManager.ViewModel\EmployeeManager.ViewModel.csproj", "{E4729E08-B333-4909-950C-88AD6F9E53F8}"
EndProject
Project("{2150E333-8FDC-42A3-9474-1A3956D46DE8}") = "WinUI", "WinUI", "{E8D05212-C547-4E68-895F-43C3FF2ECD37}"
EndProject
Project("{FAE04EC0-301F-11D3-BF4B-00C04F79EFBC}") = "EmployeeManager.WinUI", "EmployeeManager.WinUI\EmployeeManager.WinUI.csproj", "{40719539-4ABD-4578-81DE-67C246EC65F0}"
EndProject
Global
	GlobalSection(SolutionConfigurationPlatforms) = preSolution
		Debug|Any CPU = Debug|Any CPU
		Debug|ARM64 = Debug|ARM64
		Debug|x64 = Debug|x64
		Debug|x86 = Debug|x86
		Release|Any CPU = Release|Any CPU
		Release|ARM64 = Release|ARM64
		Release|x64 = Release|x64
		Release|x86 = Release|x86
	EndGlobalSection
	GlobalSection(ProjectConfigurationPlatforms) = postSolution
		{EF573A88-3032-4853-A0E9-8CB7812D9275}.Debug|Any CPU.ActiveCfg = Debug|Any CPU
		{EF573A88-3032-4853-A0E9-8CB7812D9275}.Debug|Any CPU.Build.0 = Debug|Any CPU
		{EF573A88-3032-4853-A0E9-8CB7812D9275}.Debug|ARM64.ActiveCfg = Debug|Any CPU
		{EF573A88-3032-4853-A0E9-8CB7812D9275}.Debug|ARM64.Build.0 = Debug|Any CPU
		{EF573A88-3032-4853-A0E9-8CB7812D9275}.Debug|x64.ActiveCfg = Debug|Any CPU
		{EF573A88-3032-4853-A0E9-8CB7812D9275}.Debug|x64.Build.0 = Debug|Any CPU
		{EF573A88-3032-4853-A0E9-8CB7812D9275}.Debug|x86.ActiveCfg = Debug|Any CPU
		{EF573A88-3032-4853-A0E9-8CB7812D9275}.Debug|x86.Build.0 = Debug|Any CPU
		{EF573A88-3032-4853-A0E9-8CB7812D9275}.Release|Any CPU.ActiveCfg = Release|Any CPU
		{EF573A88-3032-4853-A0E9-8CB7812D9275}.Release|Any CPU.Build.0 = Release|Any CPU
		{EF573A88-3032-4853-A0E9-8CB7812D9275}.Release|ARM64.ActiveCfg = Release|Any CPU
		{EF573A88-3032-4853-A0E9-8CB7812D9275}.Release|ARM64.Build.0 = Release|Any CPU
		{EF573A88-3032-4853-A0E9-8CB7812D9275}.Release|x64.ActiveCfg = Release|Any CPU
		{EF573A88-3032-4853-A0E9-8CB7812D9275}.Release|x64.Build.0 = Release|Any CPU
		{EF573A88-3032-4853-A0E9-8CB7812D9275}.Release|x86.ActiveCfg = Release|Any CPU
		{EF573A88-3032-4853-A0E9-8CB7812D9275}.Release|x86.Build.0 = Release|Any CPU
		{66943A8F-E705-4508-AB1B-F450A6FCCD30}.Debug|Any CPU.ActiveCfg = Debug|Any CPU
		{66943A8F-E705-4508-AB1B-F450A6FCCD30}.Debug|Any CPU.Build.0 = Debug|Any CPU
		{66943A8F-E705-4508-AB1B-F450A6FCCD30}.Debug|ARM64.ActiveCfg = Debug|Any CPU
		{66943A8F-E705-4508-AB1B-F450A6FCCD30}.Debug|ARM64.Build.0 = Debug|Any CPU
		{66943A8F-E705-4508-AB1B-F450A6FCCD30}.Debug|x64.ActiveCfg = Debug|Any CPU
		{66943A8F-E705-4508-AB1B-F450A6FCCD30}.Debug|x64.Build.0 = Debug|Any CPU
		{66943A8F-E705-4508-AB1B-F450A6FCCD30}.Debug|x86.ActiveCfg = Debug|Any CPU
		{66943A8F-E705-4508-AB1B-F450A6FCCD30}.Debug|x86.Build.0 = Debug|Any CPU
		{66943A8F-E705-4508-AB1B-F450A6FCCD30}.Release|Any CPU.ActiveCfg = Release|Any CPU
		{66943A8F-E705-4508-AB1B-F450A6FCCD30}.Release|Any CPU.Build.0 = Release|Any CPU
		{66943A8F-E705-4508-AB1B-F450A6FCCD30}.Release|ARM64.ActiveCfg = Release|Any CPU
		{66943A8F-E705-4508-AB1B-F450A6FCCD30}.Release|ARM64.Build.0 = Release|Any CPU
		{66943A8F-E705-4508-AB1B-F450A6FCCD30}.Release|x64.ActiveCfg = Release|Any CPU
		{66943A8F-E705-4508-AB1B-F450A6FCCD30}.Release|x64.Build.0 = Release|Any CPU
		{66943A8F-E705-4508-AB1B-F450A6FCCD30}.Release|x86.ActiveCfg = Release|Any CPU
		{66943A8F-E705-4508-AB1B-F450A6FCCD30}.Release|x86.Build.0 = Release|Any CPU
		{5C9B5214-1CEB-4198-972D-A37411B98A4B}.Debug|Any CPU.ActiveCfg = Debug|Any CPU
		{5C9B5214-1CEB-4198-972D-A37411B98A4B}.Debug|Any CPU.Build.0 = Debug|Any CPU
		{5C9B5214-1CEB-4198-972D-A37411B98A4B}.Debug|ARM64.ActiveCfg = Debug|Any CPU
		{5C9B5214-1CEB-4198-972D-A37411B98A4B}.Debug|ARM64.Build.0 = Debug|Any CPU
		{5C9B5214-1CEB-4198-972D-A37411B98A4B}.Debug|x64.ActiveCfg = Debug|Any CPU
		{5C9B5214-1CEB-4198-972D-A37411B98A4B}.Debug|x64.Build.0 = Debug|Any CPU
		{5C9B5214-1CEB-4198-972D-A37411B98A4B}.Debug|x86.ActiveCfg = Debug|Any CPU
		{5C9B5214-1CEB-4198-972D-A37411B98A4B}.Debug|x86.Build.0 = Debug|Any CPU
		{5C9B5214-1CEB-4198-972D-A37411B98A4B}.Release|Any CPU.ActiveCfg = Release|Any CPU
		{5C9B5214-1CEB-4198-972D-A37411B98A4B}.Release|Any CPU.Build.0 = Release|Any CPU
		{5C9B5214-1CEB-4198-972D-A37411B98A4B}.Release|ARM64.ActiveCfg = Release|Any CPU
		{5C9B5214-1CEB-4198-972D-A37411B98A4B}.Release|ARM64.Build.0 = Release|Any CPU
		{5C9B5214-1CEB-4198-972D-A37411B98A4B}.Release|x64.ActiveCfg = Release|Any CPU
		{5C9B5214-1CEB-4198-972D-A37411B98A4B}.Release|x64.Build.0 = Release|Any CPU
		{5C9B5214-1CEB-4198-972D-A37411B98A4B}.Release|x86.ActiveCfg = Release|Any CPU
		{5C9B5214-1CEB-4198-972D-A37411B98A4B}.Release|x86.Build.0 = Release|Any CPU
		{E4729E08-B333-4909-950C-88AD6F9E53F8}.Debug|Any CPU.ActiveCfg = Debug|Any CPU
		{E4729E08-B333-4909-950C-88AD6F9E53F8}.Debug|Any CPU.Build.0 = Debug|Any CPU
		{E4729E08-B333-4909-950C-88AD6F9E53F8}.Debug|ARM64.ActiveCfg = Debug|Any CPU
		{E4729E08-B333-4909-950C-88AD6F9E53F8}.Debug|ARM64.Build.0 = Debug|Any CPU
		{E4729E08-B333-4909-950C-88AD6F9E53F8}.Debug|x64.ActiveCfg = Debug|Any CPU
		{E4729E08-B333-4909-950C-88AD6F9E53F8}.Debug|x64.Build.0 = Debug|Any CPU
		{E4729E08-B333-4909-950C-88AD6F9E53F8}.Debug|x86.ActiveCfg = Debug|Any CPU
		{E4729E08-B333-4909-950C-88AD6F9E53F8}.Debug|x86.Build.0 = Debug|Any CPU
		{E4729E08-B333-4909-950C-88AD6F9E53F8}.Release|Any CPU.ActiveCfg = Release|Any CPU
		{E4729E08-B333-4909-950C-88AD6F9E53F8}.Release|Any CPU.Build.0 = Release|Any CPU
		{E4729E08-B333-4909-950C-88AD6F9E53F8}.Release|ARM64.ActiveCfg = Release|Any CPU
		{E4729E08-B333-4909-950C-88AD6F9E53F8}.Release|ARM64.Build.0 = Release|Any CPU
		{E4729E08-B333-4909-950C-88AD6F9E53F8}.Release|x64.ActiveCfg = Release|Any CPU
		{E4729E08-B333-4909-950C-88AD6F9E53F8}.Release|x64.Build.0 = Release|Any CPU
		{E4729E08-B333-4909-950C-88AD6F9E53F8}.Release|x86.ActiveCfg = Release|Any CPU
		{E4729E08-B333-4909-950C-88AD6F9E53F8}.Release|x86.Build.0 = Release|Any CPU
		{40719539-4ABD-4578-81DE-67C246EC65F0}.Debug|Any CPU.ActiveCfg = Debug|x64
		{40719539-4ABD-4578-81DE-67C246EC65F0}.Debug|Any CPU.Build.0 = Debug|x64
		{40719539-4ABD-4578-81DE-67C246EC65F0}.Debug|Any CPU.Deploy.0 = Debug|x64
		{40719539-4ABD-4578-81DE-67C246EC65F0}.Debug|ARM64.ActiveCfg = Debug|ARM64
		{40719539-4ABD-4578-81DE-67C246EC65F0}.Debug|ARM64.Build.0 = Debug|ARM64
		{40719539-4ABD-4578-81DE-67C246EC65F0}.Debug|ARM64.Deploy.0 = Debug|ARM64
		{40719539-4ABD-4578-81DE-67C246EC65F0}.Debug|x64.ActiveCfg = Debug|x64
		{40719539-4ABD-4578-81DE-67C246EC65F0}.Debug|x64.Build.0 = Debug|x64
		{40719539-4ABD-4578-81DE-67C246EC65F0}.Debug|x64.Deploy.0 = Debug|x64
		{40719539-4ABD-4578-81DE-67C246EC65F0}.Debug|x86.ActiveCfg = Debug|x86
		{40719539-4ABD-4578-81DE-67C246EC65F0}.Debug|x86.Build.0 = Debug|x86
		{40719539-4ABD-4578-81DE-67C246EC65F0}.Debug|x86.Deploy.0 = Debug|x86
		{40719539-4ABD-4578-81DE-67C246EC65F0}.Release|Any CPU.ActiveCfg = Release|x64
		{40719539-4ABD-4578-81DE-67C246EC65F0}.Release|Any CPU.Build.0 = Release|x64
		{40719539-4ABD-4578-81DE-67C246EC65F0}.Release|Any CPU.Deploy.0 = Release|x64
		{40719539-4ABD-4578-81DE-67C246EC65F0}.Release|ARM64.ActiveCfg = Release|ARM64
		{40719539-4ABD-4578-81DE-67C246EC65F0}.Release|ARM64.Build.0 = Release|ARM64
		{40719539-4ABD-4578-81DE-67C246EC65F0}.Release|ARM64.Deploy.0 = Release|ARM64
		{40719539-4ABD-4578-81DE-67C246EC65F0}.Release|x64.ActiveCfg = Release|x64
		{40719539-4ABD-4578-81DE-67C246EC65F0}.Release|x64.Build.0 = Release|x64
		{40719539-4ABD-4578-81DE-67C246EC65F0}.Release|x64.Deploy.0 = Release|x64
		{40719539-4ABD-4578-81DE-67C246EC65F0}.Release|x86.ActiveCfg = Release|x86
		{40719539-4ABD-4578-81DE-67C246EC65F0}.Release|x86.Build.0 = Release|x86
		{40719539-4ABD-4578-81DE-67C246EC65F0}.Release|x86.Deploy.0 = Release|x86
	EndGlobalSection
	GlobalSection(SolutionProperties) = preSolution
		HideSolutionNode = FALSE
	EndGlobalSection
	GlobalSection(NestedProjects) = preSolution
		{EF573A88-3032-4853-A0E9-8CB7812D9275} = {7E0B5377-0F17-4A0D-83C2-CC2007556CBA}
		{66943A8F-E705-4508-AB1B-F450A6FCCD30} = {7E0B5377-0F17-4A0D-83C2-CC2007556CBA}
		{5C9B5214-1CEB-4198-972D-A37411B98A4B} = {04A047D9-A51C-4015-AD27-8F9CEEE7F099}
		{E4729E08-B333-4909-950C-88AD6F9E53F8} = {7E0B5377-0F17-4A0D-83C2-CC2007556CBA}
		{40719539-4ABD-4578-81DE-67C246EC65F0} = {E8D05212-C547-4E68-895F-43C3FF2ECD37}
	EndGlobalSection
	GlobalSection(ExtensibilityGlobals) = postSolution
		SolutionGuid = {CB23BBF3-48EB-4346-927C-01F2DC52C6CF}
	EndGlobalSection
EndGlobal
